Microsoft Visual Studio Solution File, Format Version 12.00
# Visual Studio 2012
Project("{FAE04EC0-301F-11D3-BF4B-00C04F79EFBC}") = "woodworm", "woodworm.csproj", "{D454018D-141A-40DA-AD85-49548E9F7ECD}"
EndProject
Global
	GlobalSection(SolutionConfigurationPlatforms) = preSolution
	Debug|Any CPU = Debug|Any CPU
	ExportDebug|Any CPU = ExportDebug|Any CPU
	ExportRelease|Any CPU = ExportRelease|Any CPU
	EndGlobalSection
	GlobalSection(ProjectConfigurationPlatforms) = postSolution
		{D454018D-141A-40DA-AD85-49548E9F7ECD}.Debug|Any CPU.ActiveCfg = Debug|Any CPU
		{D454018D-141A-40DA-AD85-49548E9F7ECD}.Debug|Any CPU.Build.0 = Debug|Any CPU
		{D454018D-141A-40DA-AD85-49548E9F7ECD}.ExportDebug|Any CPU.ActiveCfg = ExportDebug|Any CPU
		{D454018D-141A-40DA-AD85-49548E9F7ECD}.ExportDebug|Any CPU.Build.0 = ExportDebug|Any CPU
		{D454018D-141A-40DA-AD85-49548E9F7ECD}.ExportRelease|Any CPU.ActiveCfg = ExportRelease|Any CPU
		{D454018D-141A-40DA-AD85-49548E9F7ECD}.ExportRelease|Any CPU.Build.0 = ExportRelease|Any CPU
	EndGlobalSection
EndGlobal
